
Microsoft Visual Studio Solution File, Format Version 12.00
# Visual Studio Version 16
VisualStudioVersion = 16.0.30621.155
MinimumVisualStudioVersion = 10.0.40219.1
Project("{FAE04EC0-301F-11D3-BF4B-00C04F79EFBC}") = "Main", "Main\Main.csproj", "{BB00CB76-6F41-49FE-B99F-AAE44BDBB7FF}"
EndProject
Global
	GlobalSection(SolutionConfigurationPlatforms) = preSolution
		Debug|Any CPU = Debug|Any CPU
		Release|Any CPU = Release|Any CPU
	EndGlobalSection
	GlobalSection(ProjectConfigurationPlatforms) = postSolution
		{BB00CB76-6F41-49FE-B99F-AAE44BDBB7FF}.Debug|Any CPU.ActiveCfg = Debug|Any CPU
		{BB00CB76-6F41-49FE-B99F-AAE44BDBB7FF}.Debug|Any CPU.Build.0 = Debug|Any CPU
		{BB00CB76-6F41-49FE-B99F-AAE44BDBB7FF}.Release|Any CPU.ActiveCfg = Release|Any CPU
		{BB00CB76-6F41-49FE-B99F-AAE44BDBB7FF}.Release|Any CPU.Build.0 = Release|Any CPU
	EndGlobalSection
	GlobalSection(SolutionProperties) = preSolution
		HideSolutionNode = FALSE
	EndGlobalSection
	GlobalSection(ExtensibilityGlobals) = postSolution
		SolutionGuid = {CAEF848A-745E-4DE3-9B7A-64783BAC94DE}
	EndGlobalSection
EndGlobal
